
Microsoft Visual Studio Solution File, Format Version 12.00
# Visual Studio Version 16
VisualStudioVersion = 16.0.31105.61
MinimumVisualStudioVersion = 10.0.40219.1
Project("{FAE04EC0-301F-11D3-BF4B-00C04F79EFBC}") = "WindowsFormsApp1", "WindowsFormsApp1\WindowsFormsApp1.csproj", "{8F70514C-E0F2-468A-A705-B450C90CE51D}"
EndProject
Global
	GlobalSection(SolutionConfigurationPlatforms) = preSolution
		Debug|Any CPU = Debug|Any CPU
		Release|Any CPU = Release|Any CPU
	EndGlobalSection
	GlobalSection(ProjectConfigurationPlatforms) = postSolution
		{8F70514C-E0F2-468A-A705-B450C90CE51D}.Debug|Any CPU.ActiveCfg = Debug|Any CPU
		{8F70514C-E0F2-468A-A705-B450C90CE51D}.Debug|Any CPU.Build.0 = Debug|Any CPU
		{8F70514C-E0F2-468A-A705-B450C90CE51D}.Release|Any CPU.ActiveCfg = Release|Any CPU
		{8F70514C-E0F2-468A-A705-B450C90CE51D}.Release|Any CPU.Build.0 = Release|Any CPU
	EndGlobalSection
	GlobalSection(SolutionProperties) = preSolution
		HideSolutionNode = FALSE
	EndGlobalSection
	GlobalSection(ExtensibilityGlobals) = postSolution
		SolutionGuid = {3397D4E2-3892-4319-8F14-6090C8C0777A}
	EndGlobalSection
EndGlobal
